
Microsoft Visual Studio Solution File, Format Version 12.00
# Visual Studio Version 17
VisualStudioVersion = 17.6.33815.320
MinimumVisualStudioVersion = 10.0.40219.1
Project("{FAE04EC0-301F-11D3-BF4B-00C04F79EFBC}") = "StringSlice", "StringSlice.csproj", "{C994101E-3E6C-4B78-9838-3CBD03DF1E8E}"
EndProject
Global
	GlobalSection(SolutionConfigurationPlatforms) = preSolution
		Debug|Any CPU = Debug|Any CPU
		Release|Any CPU = Release|Any CPU
	EndGlobalSection
	GlobalSection(ProjectConfigurationPlatforms) = postSolution
		{C994101E-3E6C-4B78-9838-3CBD03DF1E8E}.Debug|Any CPU.ActiveCfg = Debug|Any CPU
		{C994101E-3E6C-4B78-9838-3CBD03DF1E8E}.Debug|Any CPU.Build.0 = Debug|Any CPU
		{C994101E-3E6C-4B78-9838-3CBD03DF1E8E}.Release|Any CPU.ActiveCfg = Release|Any CPU
		{C994101E-3E6C-4B78-9838-3CBD03DF1E8E}.Release|Any CPU.Build.0 = Release|Any CPU
	EndGlobalSection
	GlobalSection(SolutionProperties) = preSolution
		HideSolutionNode = FALSE
	EndGlobalSection
	GlobalSection(ExtensibilityGlobals) = postSolution
		SolutionGuid = {0D8A2A78-EF19-40E5-8AA7-FBD005A34788}
	EndGlobalSection
EndGlobal
