
Microsoft Visual Studio Solution File, Format Version 12.00
# Visual Studio Version 17
VisualStudioVersion = 17.6.33815.320
MinimumVisualStudioVersion = 10.0.40219.1
Project("{FAE04EC0-301F-11D3-BF4B-00C04F79EFBC}") = "FloatToIntegral", "FloatToIntegral.csproj", "{05D4BF75-10AE-431F-85A0-73DBFD9077DB}"
EndProject
Global
	GlobalSection(SolutionConfigurationPlatforms) = preSolution
		Debug|Any CPU = Debug|Any CPU
		Release|Any CPU = Release|Any CPU
	EndGlobalSection
	GlobalSection(ProjectConfigurationPlatforms) = postSolution
		{05D4BF75-10AE-431F-85A0-73DBFD9077DB}.Debug|Any CPU.ActiveCfg = Debug|Any CPU
		{05D4BF75-10AE-431F-85A0-73DBFD9077DB}.Debug|Any CPU.Build.0 = Debug|Any CPU
		{05D4BF75-10AE-431F-85A0-73DBFD9077DB}.Release|Any CPU.ActiveCfg = Release|Any CPU
		{05D4BF75-10AE-431F-85A0-73DBFD9077DB}.Release|Any CPU.Build.0 = Release|Any CPU
	EndGlobalSection
	GlobalSection(SolutionProperties) = preSolution
		HideSolutionNode = FALSE
	EndGlobalSection
	GlobalSection(ExtensibilityGlobals) = postSolution
		SolutionGuid = {6298B625-7197-4AF5-BDEA-F5F18CE170D3}
	EndGlobalSection
EndGlobal
