
Microsoft Visual Studio Solution File, Format Version 12.00
# Visual Studio Version 17
VisualStudioVersion = 17.6.33815.320
MinimumVisualStudioVersion = 10.0.40219.1
Project("{FAE04EC0-301F-11D3-BF4B-00C04F79EFBC}") = "Enum", "Enum.csproj", "{83975350-94B4-460A-BD29-91A66729D4A3}"
EndProject
Global
	GlobalSection(SolutionConfigurationPlatforms) = preSolution
		Debug|Any CPU = Debug|Any CPU
		Release|Any CPU = Release|Any CPU
	EndGlobalSection
	GlobalSection(ProjectConfigurationPlatforms) = postSolution
		{83975350-94B4-460A-BD29-91A66729D4A3}.Debug|Any CPU.ActiveCfg = Debug|Any CPU
		{83975350-94B4-460A-BD29-91A66729D4A3}.Debug|Any CPU.Build.0 = Debug|Any CPU
		{83975350-94B4-460A-BD29-91A66729D4A3}.Release|Any CPU.ActiveCfg = Release|Any CPU
		{83975350-94B4-460A-BD29-91A66729D4A3}.Release|Any CPU.Build.0 = Release|Any CPU
	EndGlobalSection
	GlobalSection(SolutionProperties) = preSolution
		HideSolutionNode = FALSE
	EndGlobalSection
	GlobalSection(ExtensibilityGlobals) = postSolution
		SolutionGuid = {57DAF3F6-D625-4AD9-A8B5-7C23A7B15665}
	EndGlobalSection
EndGlobal
