
Microsoft Visual Studio Solution File, Format Version 12.00
# Visual Studio Version 17
VisualStudioVersion = 17.6.33815.320
MinimumVisualStudioVersion = 10.0.40219.1
Project("{FAE04EC0-301F-11D3-BF4B-00C04F79EFBC}") = "SignedUnsigned", "SignedUnsigned.csproj", "{ADFEE21F-F520-460B-A3A1-2A998E519F60}"
EndProject
Global
	GlobalSection(SolutionConfigurationPlatforms) = preSolution
		Debug|Any CPU = Debug|Any CPU
		Release|Any CPU = Release|Any CPU
	EndGlobalSection
	GlobalSection(ProjectConfigurationPlatforms) = postSolution
		{ADFEE21F-F520-460B-A3A1-2A998E519F60}.Debug|Any CPU.ActiveCfg = Debug|Any CPU
		{ADFEE21F-F520-460B-A3A1-2A998E519F60}.Debug|Any CPU.Build.0 = Debug|Any CPU
		{ADFEE21F-F520-460B-A3A1-2A998E519F60}.Release|Any CPU.ActiveCfg = Release|Any CPU
		{ADFEE21F-F520-460B-A3A1-2A998E519F60}.Release|Any CPU.Build.0 = Release|Any CPU
	EndGlobalSection
	GlobalSection(SolutionProperties) = preSolution
		HideSolutionNode = FALSE
	EndGlobalSection
	GlobalSection(ExtensibilityGlobals) = postSolution
		SolutionGuid = {4B156D1F-766D-4639-93A7-CC4A583A9903}
	EndGlobalSection
EndGlobal
