
Microsoft Visual Studio Solution File, Format Version 12.00
# Visual Studio Version 17
VisualStudioVersion = 17.6.33815.320
MinimumVisualStudioVersion = 10.0.40219.1
Project("{FAE04EC0-301F-11D3-BF4B-00C04F79EFBC}") = "Multiline", "Multiline.csproj", "{30596A0E-D513-48FB-9BD2-616A2976281E}"
EndProject
Global
	GlobalSection(SolutionConfigurationPlatforms) = preSolution
		Debug|Any CPU = Debug|Any CPU
		Release|Any CPU = Release|Any CPU
	EndGlobalSection
	GlobalSection(ProjectConfigurationPlatforms) = postSolution
		{30596A0E-D513-48FB-9BD2-616A2976281E}.Debug|Any CPU.ActiveCfg = Debug|Any CPU
		{30596A0E-D513-48FB-9BD2-616A2976281E}.Debug|Any CPU.Build.0 = Debug|Any CPU
		{30596A0E-D513-48FB-9BD2-616A2976281E}.Release|Any CPU.ActiveCfg = Release|Any CPU
		{30596A0E-D513-48FB-9BD2-616A2976281E}.Release|Any CPU.Build.0 = Release|Any CPU
	EndGlobalSection
	GlobalSection(SolutionProperties) = preSolution
		HideSolutionNode = FALSE
	EndGlobalSection
	GlobalSection(ExtensibilityGlobals) = postSolution
		SolutionGuid = {D67799F0-C8F7-4C61-8791-E3DF7055B3F1}
	EndGlobalSection
EndGlobal
