
Microsoft Visual Studio Solution File, Format Version 12.00
# Visual Studio Version 17
VisualStudioVersion = 17.6.33815.320
MinimumVisualStudioVersion = 10.0.40219.1
Project("{FAE04EC0-301F-11D3-BF4B-00C04F79EFBC}") = "Nullable", "Nullable.csproj", "{D341A5C0-45CA-480D-9A0E-560B6F633F0C}"
EndProject
Global
	GlobalSection(SolutionConfigurationPlatforms) = preSolution
		Debug|Any CPU = Debug|Any CPU
		Release|Any CPU = Release|Any CPU
	EndGlobalSection
	GlobalSection(ProjectConfigurationPlatforms) = postSolution
		{D341A5C0-45CA-480D-9A0E-560B6F633F0C}.Debug|Any CPU.ActiveCfg = Debug|Any CPU
		{D341A5C0-45CA-480D-9A0E-560B6F633F0C}.Debug|Any CPU.Build.0 = Debug|Any CPU
		{D341A5C0-45CA-480D-9A0E-560B6F633F0C}.Release|Any CPU.ActiveCfg = Release|Any CPU
		{D341A5C0-45CA-480D-9A0E-560B6F633F0C}.Release|Any CPU.Build.0 = Release|Any CPU
	EndGlobalSection
	GlobalSection(SolutionProperties) = preSolution
		HideSolutionNode = FALSE
	EndGlobalSection
	GlobalSection(ExtensibilityGlobals) = postSolution
		SolutionGuid = {58C0FC7D-B3EA-48F1-8C54-1C5E4C3311C4}
	EndGlobalSection
EndGlobal
