
Microsoft Visual Studio Solution File, Format Version 12.00
# Visual Studio Version 17
VisualStudioVersion = 17.6.33815.320
MinimumVisualStudioVersion = 10.0.40219.1
Project("{FAE04EC0-301F-11D3-BF4B-00C04F79EFBC}") = "Enum2", "Enum2.csproj", "{28505E9B-19DF-468D-A4BC-E24BEB4A7254}"
EndProject
Global
	GlobalSection(SolutionConfigurationPlatforms) = preSolution
		Debug|Any CPU = Debug|Any CPU
		Release|Any CPU = Release|Any CPU
	EndGlobalSection
	GlobalSection(ProjectConfigurationPlatforms) = postSolution
		{28505E9B-19DF-468D-A4BC-E24BEB4A7254}.Debug|Any CPU.ActiveCfg = Debug|Any CPU
		{28505E9B-19DF-468D-A4BC-E24BEB4A7254}.Debug|Any CPU.Build.0 = Debug|Any CPU
		{28505E9B-19DF-468D-A4BC-E24BEB4A7254}.Release|Any CPU.ActiveCfg = Release|Any CPU
		{28505E9B-19DF-468D-A4BC-E24BEB4A7254}.Release|Any CPU.Build.0 = Release|Any CPU
	EndGlobalSection
	GlobalSection(SolutionProperties) = preSolution
		HideSolutionNode = FALSE
	EndGlobalSection
	GlobalSection(ExtensibilityGlobals) = postSolution
		SolutionGuid = {D2DC5575-E362-4FFB-8379-1FCF3D6722CF}
	EndGlobalSection
EndGlobal
