
Microsoft Visual Studio Solution File, Format Version 12.00
# Visual Studio Version 17
VisualStudioVersion = 17.6.33815.320
MinimumVisualStudioVersion = 10.0.40219.1
Project("{FAE04EC0-301F-11D3-BF4B-00C04F79EFBC}") = "Decimal", "Decimal.csproj", "{AC445302-4F79-463B-8A44-B2C5CBAFC86B}"
EndProject
Global
	GlobalSection(SolutionConfigurationPlatforms) = preSolution
		Debug|Any CPU = Debug|Any CPU
		Release|Any CPU = Release|Any CPU
	EndGlobalSection
	GlobalSection(ProjectConfigurationPlatforms) = postSolution
		{AC445302-4F79-463B-8A44-B2C5CBAFC86B}.Debug|Any CPU.ActiveCfg = Debug|Any CPU
		{AC445302-4F79-463B-8A44-B2C5CBAFC86B}.Debug|Any CPU.Build.0 = Debug|Any CPU
		{AC445302-4F79-463B-8A44-B2C5CBAFC86B}.Release|Any CPU.ActiveCfg = Release|Any CPU
		{AC445302-4F79-463B-8A44-B2C5CBAFC86B}.Release|Any CPU.Build.0 = Release|Any CPU
	EndGlobalSection
	GlobalSection(SolutionProperties) = preSolution
		HideSolutionNode = FALSE
	EndGlobalSection
	GlobalSection(ExtensibilityGlobals) = postSolution
		SolutionGuid = {3AD4DDDC-60C6-4811-909D-3C9FEC4F6066}
	EndGlobalSection
EndGlobal
