
Microsoft Visual Studio Solution File, Format Version 12.00
# Visual Studio Version 17
VisualStudioVersion = 17.6.33815.320
MinimumVisualStudioVersion = 10.0.40219.1
Project("{FAE04EC0-301F-11D3-BF4B-00C04F79EFBC}") = "StringSearch", "StringSearch.csproj", "{AF70AA38-C26E-4CB8-97EF-9880B8AB8C18}"
EndProject
Global
	GlobalSection(SolutionConfigurationPlatforms) = preSolution
		Debug|Any CPU = Debug|Any CPU
		Release|Any CPU = Release|Any CPU
	EndGlobalSection
	GlobalSection(ProjectConfigurationPlatforms) = postSolution
		{AF70AA38-C26E-4CB8-97EF-9880B8AB8C18}.Debug|Any CPU.ActiveCfg = Debug|Any CPU
		{AF70AA38-C26E-4CB8-97EF-9880B8AB8C18}.Debug|Any CPU.Build.0 = Debug|Any CPU
		{AF70AA38-C26E-4CB8-97EF-9880B8AB8C18}.Release|Any CPU.ActiveCfg = Release|Any CPU
		{AF70AA38-C26E-4CB8-97EF-9880B8AB8C18}.Release|Any CPU.Build.0 = Release|Any CPU
	EndGlobalSection
	GlobalSection(SolutionProperties) = preSolution
		HideSolutionNode = FALSE
	EndGlobalSection
	GlobalSection(ExtensibilityGlobals) = postSolution
		SolutionGuid = {DF5B757D-9BFB-4E39-862A-C7735C27AAF5}
	EndGlobalSection
EndGlobal
