
Microsoft Visual Studio Solution File, Format Version 12.00
# Visual Studio Version 17
VisualStudioVersion = 17.6.33815.320
MinimumVisualStudioVersion = 10.0.40219.1
Project("{FAE04EC0-301F-11D3-BF4B-00C04F79EFBC}") = "ConsoleApp3", "ConsoleApp3.csproj", "{C25AAF06-122D-4B50-B4DF-2E56D8DADDB7}"
EndProject
Global
	GlobalSection(SolutionConfigurationPlatforms) = preSolution
		Debug|Any CPU = Debug|Any CPU
		Release|Any CPU = Release|Any CPU
	EndGlobalSection
	GlobalSection(ProjectConfigurationPlatforms) = postSolution
		{C25AAF06-122D-4B50-B4DF-2E56D8DADDB7}.Debug|Any CPU.ActiveCfg = Debug|Any CPU
		{C25AAF06-122D-4B50-B4DF-2E56D8DADDB7}.Debug|Any CPU.Build.0 = Debug|Any CPU
		{C25AAF06-122D-4B50-B4DF-2E56D8DADDB7}.Release|Any CPU.ActiveCfg = Release|Any CPU
		{C25AAF06-122D-4B50-B4DF-2E56D8DADDB7}.Release|Any CPU.Build.0 = Release|Any CPU
	EndGlobalSection
	GlobalSection(SolutionProperties) = preSolution
		HideSolutionNode = FALSE
	EndGlobalSection
	GlobalSection(ExtensibilityGlobals) = postSolution
		SolutionGuid = {2EF0807D-2319-49A9-8859-00EE1C92F6D0}
	EndGlobalSection
EndGlobal
